
Microsoft Visual Studio Solution File, Format Version 12.00
# Visual Studio Version 17
VisualStudioVersion = 17.4.33103.184
MinimumVisualStudioVersion = 10.0.40219.1
Project("{FAE04EC0-301F-11D3-BF4B-00C04F79EFBC}") = "SelfProfiler", "SelfProfiler\SelfProfiler.csproj", "{BC0C79A4-052D-4444-99AF-007BA6638592}"
EndProject
Global
	GlobalSection(SolutionConfigurationPlatforms) = preSolution
		Debug|Any CPU = Debug|Any CPU
		Release|Any CPU = Release|Any CPU
	EndGlobalSection
	GlobalSection(ProjectConfigurationPlatforms) = postSolution
		{BC0C79A4-052D-4444-99AF-007BA6638592}.Debug|Any CPU.ActiveCfg = Debug|Any CPU
		{BC0C79A4-052D-4444-99AF-007BA6638592}.Debug|Any CPU.Build.0 = Debug|Any CPU
		{BC0C79A4-052D-4444-99AF-007BA6638592}.Release|Any CPU.ActiveCfg = Release|Any CPU
		{BC0C79A4-052D-4444-99AF-007BA6638592}.Release|Any CPU.Build.0 = Release|Any CPU
	EndGlobalSection
	GlobalSection(SolutionProperties) = preSolution
		HideSolutionNode = FALSE
	EndGlobalSection
	GlobalSection(ExtensibilityGlobals) = postSolution
		SolutionGuid = {E14862C7-EF10-4B2E-84E7-0A8B9B01DEB9}
	EndGlobalSection
EndGlobal
