
Microsoft Visual Studio Solution File, Format Version 12.00
# Visual Studio Version 17
VisualStudioVersion = 17.4.33103.184
MinimumVisualStudioVersion = 10.0.40219.1
Project("{9A19103F-16F7-4668-BE54-9A1E7A4F7556}") = "lesson15_filters", "lesson15_filters.csproj", "{5648EB0E-A3DA-4E0A-A987-C4681412D9F9}"
EndProject
Global
	GlobalSection(SolutionConfigurationPlatforms) = preSolution
		Debug|Any CPU = Debug|Any CPU
		Release|Any CPU = Release|Any CPU
	EndGlobalSection
	GlobalSection(ProjectConfigurationPlatforms) = postSolution
		{5648EB0E-A3DA-4E0A-A987-C4681412D9F9}.Debug|Any CPU.ActiveCfg = Debug|Any CPU
		{5648EB0E-A3DA-4E0A-A987-C4681412D9F9}.Debug|Any CPU.Build.0 = Debug|Any CPU
		{5648EB0E-A3DA-4E0A-A987-C4681412D9F9}.Release|Any CPU.ActiveCfg = Release|Any CPU
		{5648EB0E-A3DA-4E0A-A987-C4681412D9F9}.Release|Any CPU.Build.0 = Release|Any CPU
	EndGlobalSection
	GlobalSection(SolutionProperties) = preSolution
		HideSolutionNode = FALSE
	EndGlobalSection
	GlobalSection(ExtensibilityGlobals) = postSolution
		SolutionGuid = {B403249C-2665-4A8A-9B43-28A40FCB83E7}
	EndGlobalSection
EndGlobal
