
Microsoft Visual Studio Solution File, Format Version 12.00
# Visual Studio Version 17
VisualStudioVersion = 17.4.33103.184
MinimumVisualStudioVersion = 10.0.40219.1
Project("{9A19103F-16F7-4668-BE54-9A1E7A4F7556}") = "lesson11_serilog", "lesson11_serilog.csproj", "{18DC5010-CB1B-40AB-BBD8-17745CF4B183}"
EndProject
Global
	GlobalSection(SolutionConfigurationPlatforms) = preSolution
		Debug|Any CPU = Debug|Any CPU
		Release|Any CPU = Release|Any CPU
	EndGlobalSection
	GlobalSection(ProjectConfigurationPlatforms) = postSolution
		{18DC5010-CB1B-40AB-BBD8-17745CF4B183}.Debug|Any CPU.ActiveCfg = Debug|Any CPU
		{18DC5010-CB1B-40AB-BBD8-17745CF4B183}.Debug|Any CPU.Build.0 = Debug|Any CPU
		{18DC5010-CB1B-40AB-BBD8-17745CF4B183}.Release|Any CPU.ActiveCfg = Release|Any CPU
		{18DC5010-CB1B-40AB-BBD8-17745CF4B183}.Release|Any CPU.Build.0 = Release|Any CPU
	EndGlobalSection
	GlobalSection(SolutionProperties) = preSolution
		HideSolutionNode = FALSE
	EndGlobalSection
	GlobalSection(ExtensibilityGlobals) = postSolution
		SolutionGuid = {CC0F683C-F5D2-4C92-9044-7AA045A4087E}
	EndGlobalSection
EndGlobal
