
Microsoft Visual Studio Solution File, Format Version 12.00
# Visual Studio Version 17
VisualStudioVersion = 17.4.33103.184
MinimumVisualStudioVersion = 10.0.40219.1
Project("{9A19103F-16F7-4668-BE54-9A1E7A4F7556}") = "MVCApp", "MVCApp\MVCApp.csproj", "{35A28D45-4A06-4667-A4D3-C201C2F59446}"
EndProject
Project("{9A19103F-16F7-4668-BE54-9A1E7A4F7556}") = "WebAPI", "WebAPI\WebAPI.csproj", "{57942E0E-23D8-4C99-9822-5D0B58C6704D}"
EndProject
Global
	GlobalSection(SolutionConfigurationPlatforms) = preSolution
		Debug|Any CPU = Debug|Any CPU
		Release|Any CPU = Release|Any CPU
	EndGlobalSection
	GlobalSection(ProjectConfigurationPlatforms) = postSolution
		{35A28D45-4A06-4667-A4D3-C201C2F59446}.Debug|Any CPU.ActiveCfg = Debug|Any CPU
		{35A28D45-4A06-4667-A4D3-C201C2F59446}.Debug|Any CPU.Build.0 = Debug|Any CPU
		{35A28D45-4A06-4667-A4D3-C201C2F59446}.Release|Any CPU.ActiveCfg = Release|Any CPU
		{35A28D45-4A06-4667-A4D3-C201C2F59446}.Release|Any CPU.Build.0 = Release|Any CPU
		{57942E0E-23D8-4C99-9822-5D0B58C6704D}.Debug|Any CPU.ActiveCfg = Debug|Any CPU
		{57942E0E-23D8-4C99-9822-5D0B58C6704D}.Debug|Any CPU.Build.0 = Debug|Any CPU
		{57942E0E-23D8-4C99-9822-5D0B58C6704D}.Release|Any CPU.ActiveCfg = Release|Any CPU
		{57942E0E-23D8-4C99-9822-5D0B58C6704D}.Release|Any CPU.Build.0 = Release|Any CPU
	EndGlobalSection
	GlobalSection(SolutionProperties) = preSolution
		HideSolutionNode = FALSE
	EndGlobalSection
	GlobalSection(ExtensibilityGlobals) = postSolution
		SolutionGuid = {FF885AD1-961E-4C4F-98ED-38242715ABF6}
	EndGlobalSection
EndGlobal
