
Microsoft Visual Studio Solution File, Format Version 12.00
# Visual Studio Version 17
VisualStudioVersion = 17.4.33103.184
MinimumVisualStudioVersion = 10.0.40219.1
Project("{9A19103F-16F7-4668-BE54-9A1E7A4F7556}") = "lesson33_publish_to_smarteraspnet", "lesson33_publish_to_smarteraspnet.csproj", "{94D2C84B-A7D7-4D63-A039-B0D5A08D3799}"
EndProject
Global
	GlobalSection(SolutionConfigurationPlatforms) = preSolution
		Debug|Any CPU = Debug|Any CPU
		Release|Any CPU = Release|Any CPU
	EndGlobalSection
	GlobalSection(ProjectConfigurationPlatforms) = postSolution
		{94D2C84B-A7D7-4D63-A039-B0D5A08D3799}.Debug|Any CPU.ActiveCfg = Debug|Any CPU
		{94D2C84B-A7D7-4D63-A039-B0D5A08D3799}.Debug|Any CPU.Build.0 = Debug|Any CPU
		{94D2C84B-A7D7-4D63-A039-B0D5A08D3799}.Release|Any CPU.ActiveCfg = Release|Any CPU
		{94D2C84B-A7D7-4D63-A039-B0D5A08D3799}.Release|Any CPU.Build.0 = Release|Any CPU
	EndGlobalSection
	GlobalSection(SolutionProperties) = preSolution
		HideSolutionNode = FALSE
	EndGlobalSection
	GlobalSection(ExtensibilityGlobals) = postSolution
		SolutionGuid = {D0644B71-7966-4823-9FDA-ECF9AE632D20}
	EndGlobalSection
EndGlobal
