
Microsoft Visual Studio Solution File, Format Version 12.00
# Visual Studio Version 17
VisualStudioVersion = 17.4.33103.184
MinimumVisualStudioVersion = 10.0.40219.1
Project("{9A19103F-16F7-4668-BE54-9A1E7A4F7556}") = "lesson23_UnitOfWork", "WebApiApp\lesson23_UnitOfWork.csproj", "{BCCC08EE-15E8-4F42-BF8A-A235ABCC180A}"
EndProject
Project("{9A19103F-16F7-4668-BE54-9A1E7A4F7556}") = "TeaBusiness_BLL", "TeaBusiness_BLL\TeaBusiness_BLL.csproj", "{2A4A259A-33F4-430F-B36E-C2A27D1A355F}"
EndProject
Project("{9A19103F-16F7-4668-BE54-9A1E7A4F7556}") = "TeaBusiness_DAL", "..\TeaBusiness_DAL\TeaBusiness_DAL.csproj", "{E07C20AD-DB9B-45D7-8472-58FE8D80D5D3}"
EndProject
Global
	GlobalSection(SolutionConfigurationPlatforms) = preSolution
		Debug|Any CPU = Debug|Any CPU
		Release|Any CPU = Release|Any CPU
	EndGlobalSection
	GlobalSection(ProjectConfigurationPlatforms) = postSolution
		{BCCC08EE-15E8-4F42-BF8A-A235ABCC180A}.Debug|Any CPU.ActiveCfg = Debug|Any CPU
		{BCCC08EE-15E8-4F42-BF8A-A235ABCC180A}.Debug|Any CPU.Build.0 = Debug|Any CPU
		{BCCC08EE-15E8-4F42-BF8A-A235ABCC180A}.Release|Any CPU.ActiveCfg = Release|Any CPU
		{BCCC08EE-15E8-4F42-BF8A-A235ABCC180A}.Release|Any CPU.Build.0 = Release|Any CPU
		{2A4A259A-33F4-430F-B36E-C2A27D1A355F}.Debug|Any CPU.ActiveCfg = Debug|Any CPU
		{2A4A259A-33F4-430F-B36E-C2A27D1A355F}.Debug|Any CPU.Build.0 = Debug|Any CPU
		{2A4A259A-33F4-430F-B36E-C2A27D1A355F}.Release|Any CPU.ActiveCfg = Release|Any CPU
		{2A4A259A-33F4-430F-B36E-C2A27D1A355F}.Release|Any CPU.Build.0 = Release|Any CPU
		{E07C20AD-DB9B-45D7-8472-58FE8D80D5D3}.Debug|Any CPU.ActiveCfg = Debug|Any CPU
		{E07C20AD-DB9B-45D7-8472-58FE8D80D5D3}.Debug|Any CPU.Build.0 = Debug|Any CPU
		{E07C20AD-DB9B-45D7-8472-58FE8D80D5D3}.Release|Any CPU.ActiveCfg = Release|Any CPU
		{E07C20AD-DB9B-45D7-8472-58FE8D80D5D3}.Release|Any CPU.Build.0 = Release|Any CPU
	EndGlobalSection
	GlobalSection(SolutionProperties) = preSolution
		HideSolutionNode = FALSE
	EndGlobalSection
	GlobalSection(ExtensibilityGlobals) = postSolution
		SolutionGuid = {CC8B8D16-C5C9-4C43-87D0-DB19E2A1617A}
	EndGlobalSection
EndGlobal
